
Microsoft Visual Studio Solution File, Format Version 12.00
# Visual Studio Version 16
VisualStudioVersion = 16.0.31402.337
MinimumVisualStudioVersion = 10.0.40219.1
Project("{FAE04EC0-301F-11D3-BF4B-00C04F79EFBC}") = "InsuranceAppApi", "InsuranceAppApi.csproj", "{F2BE29B5-6695-4524-9273-F100AAEB259B}"
EndProject
Global
	GlobalSection(SolutionConfigurationPlatforms) = preSolution
		Debug|Any CPU = Debug|Any CPU
		Release|Any CPU = Release|Any CPU
	EndGlobalSection
	GlobalSection(ProjectConfigurationPlatforms) = postSolution
		{F2BE29B5-6695-4524-9273-F100AAEB259B}.Debug|Any CPU.ActiveCfg = Debug|Any CPU
		{F2BE29B5-6695-4524-9273-F100AAEB259B}.Debug|Any CPU.Build.0 = Debug|Any CPU
		{F2BE29B5-6695-4524-9273-F100AAEB259B}.Release|Any CPU.ActiveCfg = Release|Any CPU
		{F2BE29B5-6695-4524-9273-F100AAEB259B}.Release|Any CPU.Build.0 = Release|Any CPU
	EndGlobalSection
	GlobalSection(SolutionProperties) = preSolution
		HideSolutionNode = FALSE
	EndGlobalSection
	GlobalSection(ExtensibilityGlobals) = postSolution
		SolutionGuid = {BB7765B9-65BC-473F-B559-44159EC4CCB8}
	EndGlobalSection
EndGlobal
